
Microsoft Visual Studio Solution File, Format Version 12.00
# Visual Studio 2012
Project("{FAE04EC0-301F-11D3-BF4B-00C04F79EFBC}") = "AAGJKPRTServices", "AAGJKPRTServices\AAGJKPRTServices.csproj", "{A04DA55E-EF3E-4F05-BA46-3432289DD3A4}"
	ProjectSection(ProjectDependencies) = postProject
		{62329CE5-F6D1-41C9-84CB-5BC3AFF642B0} = {62329CE5-F6D1-41C9-84CB-5BC3AFF642B0}
	EndProjectSection
EndProject
Project("{FAE04EC0-301F-11D3-BF4B-00C04F79EFBC}") = "ErrorLogger", "ErrorLogger\ErrorLogger.csproj", "{62329CE5-F6D1-41C9-84CB-5BC3AFF642B0}"
EndProject
Project("{FAE04EC0-301F-11D3-BF4B-00C04F79EFBC}") = "LMTDataContract", "LMTDataContract\LMTDataContract.csproj", "{C3B7F3AF-95A2-4068-A05B-94837479955F}"
EndProject
Global
	GlobalSection(SolutionConfigurationPlatforms) = preSolution
		Debug|Any CPU = Debug|Any CPU
		Release|Any CPU = Release|Any CPU
	EndGlobalSection
	GlobalSection(ProjectConfigurationPlatforms) = postSolution
		{A04DA55E-EF3E-4F05-BA46-3432289DD3A4}.Debug|Any CPU.ActiveCfg = Debug|Any CPU
		{A04DA55E-EF3E-4F05-BA46-3432289DD3A4}.Debug|Any CPU.Build.0 = Debug|Any CPU
		{A04DA55E-EF3E-4F05-BA46-3432289DD3A4}.Release|Any CPU.ActiveCfg = Release|Any CPU
		{A04DA55E-EF3E-4F05-BA46-3432289DD3A4}.Release|Any CPU.Build.0 = Release|Any CPU
		{62329CE5-F6D1-41C9-84CB-5BC3AFF642B0}.Debug|Any CPU.ActiveCfg = Debug|Any CPU
		{62329CE5-F6D1-41C9-84CB-5BC3AFF642B0}.Debug|Any CPU.Build.0 = Debug|Any CPU
		{62329CE5-F6D1-41C9-84CB-5BC3AFF642B0}.Release|Any CPU.ActiveCfg = Release|Any CPU
		{62329CE5-F6D1-41C9-84CB-5BC3AFF642B0}.Release|Any CPU.Build.0 = Release|Any CPU
		{C3B7F3AF-95A2-4068-A05B-94837479955F}.Debug|Any CPU.ActiveCfg = Debug|Any CPU
		{C3B7F3AF-95A2-4068-A05B-94837479955F}.Debug|Any CPU.Build.0 = Debug|Any CPU
		{C3B7F3AF-95A2-4068-A05B-94837479955F}.Release|Any CPU.ActiveCfg = Release|Any CPU
		{C3B7F3AF-95A2-4068-A05B-94837479955F}.Release|Any CPU.Build.0 = Release|Any CPU
	EndGlobalSection
	GlobalSection(SolutionProperties) = preSolution
		HideSolutionNode = FALSE
	EndGlobalSection
EndGlobal
